
Microsoft Visual Studio Solution File, Format Version 11.00
# Visual Studio 2010
Project("{FAE04EC0-301F-11D3-BF4B-00C04F79EFBC}") = "AudienceSDK-Assembly", "AudienceSDK-Assembly.csproj", "{E4E51158-5C6B-012F-8849-9486B738B252}"
EndProject
Project("{FAE04EC0-301F-11D3-BF4B-00C04F79EFBC}") = "Assembly-CSharp", "Assembly-CSharp.csproj", "{3E1333AF-8FCC-5472-F3FE-D9724745A417}"
EndProject
Project("{FAE04EC0-301F-11D3-BF4B-00C04F79EFBC}") = "Assembly-CSharp-Editor", "Assembly-CSharp-Editor.csproj", "{0DAF7CAF-C2A6-ECD8-5A25-838A4708EA60}"
EndProject
Project("{FAE04EC0-301F-11D3-BF4B-00C04F79EFBC}") = "Tests", "Tests.csproj", "{98F88C55-F5B5-A449-522B-5C476A32E15C}"
EndProject
Global
	GlobalSection(SolutionConfigurationPlatforms) = preSolution
		Debug|Any CPU = Debug|Any CPU
		Release|Any CPU = Release|Any CPU
	EndGlobalSection
	GlobalSection(ProjectConfigurationPlatforms) = postSolution
		{E4E51158-5C6B-012F-8849-9486B738B252}.Debug|Any CPU.ActiveCfg = Debug|Any CPU
		{E4E51158-5C6B-012F-8849-9486B738B252}.Debug|Any CPU.Build.0 = Debug|Any CPU
		{E4E51158-5C6B-012F-8849-9486B738B252}.Release|Any CPU.ActiveCfg = Release|Any CPU
		{E4E51158-5C6B-012F-8849-9486B738B252}.Release|Any CPU.Build.0 = Release|Any CPU
		{3E1333AF-8FCC-5472-F3FE-D9724745A417}.Debug|Any CPU.ActiveCfg = Debug|Any CPU
		{3E1333AF-8FCC-5472-F3FE-D9724745A417}.Debug|Any CPU.Build.0 = Debug|Any CPU
		{3E1333AF-8FCC-5472-F3FE-D9724745A417}.Release|Any CPU.ActiveCfg = Release|Any CPU
		{3E1333AF-8FCC-5472-F3FE-D9724745A417}.Release|Any CPU.Build.0 = Release|Any CPU
		{0DAF7CAF-C2A6-ECD8-5A25-838A4708EA60}.Debug|Any CPU.ActiveCfg = Debug|Any CPU
		{0DAF7CAF-C2A6-ECD8-5A25-838A4708EA60}.Debug|Any CPU.Build.0 = Debug|Any CPU
		{0DAF7CAF-C2A6-ECD8-5A25-838A4708EA60}.Release|Any CPU.ActiveCfg = Release|Any CPU
		{0DAF7CAF-C2A6-ECD8-5A25-838A4708EA60}.Release|Any CPU.Build.0 = Release|Any CPU
		{98F88C55-F5B5-A449-522B-5C476A32E15C}.Debug|Any CPU.ActiveCfg = Debug|Any CPU
		{98F88C55-F5B5-A449-522B-5C476A32E15C}.Debug|Any CPU.Build.0 = Debug|Any CPU
		{98F88C55-F5B5-A449-522B-5C476A32E15C}.Release|Any CPU.ActiveCfg = Release|Any CPU
		{98F88C55-F5B5-A449-522B-5C476A32E15C}.Release|Any CPU.Build.0 = Release|Any CPU
	EndGlobalSection
	GlobalSection(SolutionProperties) = preSolution
		HideSolutionNode = FALSE
	EndGlobalSection
EndGlobal
